// !$*UTF8*$!
{
	archiveVersion = 1;
	classes = {
	};
	objectVersion = 55;
	objects = {

/* Begin PBXBuildFile section */
		3F019E0E27F44B53008B3076 /* RecipeDescriptionIC.swift in Sources */ = {isa = PBXBuildFile; fileRef = 3F019E0D27F44B53008B3076 /* RecipeDescriptionIC.swift */; };
		3F3963C027E1BB0D009CA0F0 /* CookBook WatchKit App.app in Embed Watch Content */ = {isa = PBXBuildFile; fileRef = 3F3963BF27E1BB0D009CA0F0 /* CookBook WatchKit App.app */; settings = {ATTRIBUTES = (RemoveHeadersOnCopy, ); }; };
		3F3963C627E1BB0D009CA0F0 /* Interface.storyboard in Resources */ = {isa = PBXBuildFile; fileRef = 3F3963C427E1BB0D009CA0F0 /* Interface.storyboard */; };
		3F3963C827E1BB0E009CA0F0 /* Assets.xcassets in Resources */ = {isa = PBXBuildFile; fileRef = 3F3963C727E1BB0E009CA0F0 /* Assets.xcassets */; };
		3F3963CE27E1BB0F009CA0F0 /* CookBook WatchKit Extension.appex in Embed App Extensions */ = {isa = PBXBuildFile; fileRef = 3F3963CD27E1BB0F009CA0F0 /* CookBook WatchKit Extension.appex */; settings = {ATTRIBUTES = (RemoveHeadersOnCopy, ); }; };
		3F3963D327E1BB0F009CA0F0 /* TableRecipesIC.swift in Sources */ = {isa = PBXBuildFile; fileRef = 3F3963D227E1BB0F009CA0F0 /* TableRecipesIC.swift */; };
		3F3963D527E1BB0F009CA0F0 /* ExtensionDelegate.swift in Sources */ = {isa = PBXBuildFile; fileRef = 3F3963D427E1BB0F009CA0F0 /* ExtensionDelegate.swift */; };
		3F3963D727E1BB0F009CA0F0 /* ComplicationController.swift in Sources */ = {isa = PBXBuildFile; fileRef = 3F3963D627E1BB0F009CA0F0 /* ComplicationController.swift */; };
		3F3963D927E1BB10009CA0F0 /* Assets.xcassets in Resources */ = {isa = PBXBuildFile; fileRef = 3F3963D827E1BB10009CA0F0 /* Assets.xcassets */; };
		3F3963EA27E1DB03009CA0F0 /* Recipes.swift in Sources */ = {isa = PBXBuildFile; fileRef = 3F3963E927E1D633009CA0F0 /* Recipes.swift */; };
		3F3963EB27E1DEAC009CA0F0 /* RowTable.swift in Sources */ = {isa = PBXBuildFile; fileRef = 3F3963E827E1D4E0009CA0F0 /* RowTable.swift */; };
		3F97DA1227EB5E25009F032D /* DetailRecipeIC.swift in Sources */ = {isa = PBXBuildFile; fileRef = 3F97DA1127EB5E25009F032D /* DetailRecipeIC.swift */; };
/* End PBXBuildFile section */

/* Begin PBXContainerItemProxy section */
		3F3963C127E1BB0D009CA0F0 /* PBXContainerItemProxy */ = {
			isa = PBXContainerItemProxy;
			containerPortal = 3F3963B527E1BB0D009CA0F0 /* Project object */;
			proxyType = 1;
			remoteGlobalIDString = 3F3963BE27E1BB0D009CA0F0;
			remoteInfo = "CookBook WatchKit App";
		};
		3F3963CF27E1BB0F009CA0F0 /* PBXContainerItemProxy */ = {
			isa = PBXContainerItemProxy;
			containerPortal = 3F3963B527E1BB0D009CA0F0 /* Project object */;
			proxyType = 1;
			remoteGlobalIDString = 3F3963CC27E1BB0F009CA0F0;
			remoteInfo = "CookBook WatchKit Extension";
		};
/* End PBXContainerItemProxy section */

/* Begin PBXCopyFilesBuildPhase section */
		3F3963E027E1BB10009CA0F0 /* Embed App Extensions */ = {
			isa = PBXCopyFilesBuildPhase;
			buildActionMask = 2147483647;
			dstPath = "";
			dstSubfolderSpec = 13;
			files = (
				3F3963CE27E1BB0F009CA0F0 /* CookBook WatchKit Extension.appex in Embed App Extensions */,
			);
			name = "Embed App Extensions";
			runOnlyForDeploymentPostprocessing = 0;
		};
		3F3963E427E1BB10009CA0F0 /* Embed Watch Content */ = {
			isa = PBXCopyFilesBuildPhase;
			buildActionMask = 2147483647;
			dstPath = "$(CONTENTS_FOLDER_PATH)/Watch";
			dstSubfolderSpec = 16;
			files = (
				3F3963C027E1BB0D009CA0F0 /* CookBook WatchKit App.app in Embed Watch Content */,
			);
			name = "Embed Watch Content";
			runOnlyForDeploymentPostprocessing = 0;
		};
/* End PBXCopyFilesBuildPhase section */

/* Begin PBXFileReference section */
		3F019E0D27F44B53008B3076 /* RecipeDescriptionIC.swift */ = {isa = PBXFileReference; lastKnownFileType = sourcecode.swift; path = RecipeDescriptionIC.swift; sourceTree = "<group>"; };
		3F3963BB27E1BB0D009CA0F0 /* CookBook.app */ = {isa = PBXFileReference; explicitFileType = wrapper.application; includeInIndex = 0; path = CookBook.app; sourceTree = BUILT_PRODUCTS_DIR; };
		3F3963BF27E1BB0D009CA0F0 /* CookBook WatchKit App.app */ = {isa = PBXFileReference; explicitFileType = wrapper.application; includeInIndex = 0; path = "CookBook WatchKit App.app"; sourceTree = BUILT_PRODUCTS_DIR; };
		3F3963C527E1BB0D009CA0F0 /* Base */ = {isa = PBXFileReference; lastKnownFileType = file.storyboard; name = Base; path = Base.lproj/Interface.storyboard; sourceTree = "<group>"; };
		3F3963C727E1BB0E009CA0F0 /* Assets.xcassets */ = {isa = PBXFileReference; lastKnownFileType = folder.assetcatalog; path = Assets.xcassets; sourceTree = "<group>"; };
		3F3963CD27E1BB0F009CA0F0 /* CookBook WatchKit Extension.appex */ = {isa = PBXFileReference; explicitFileType = "wrapper.app-extension"; includeInIndex = 0; path = "CookBook WatchKit Extension.appex"; sourceTree = BUILT_PRODUCTS_DIR; };
		3F3963D227E1BB0F009CA0F0 /* TableRecipesIC.swift */ = {isa = PBXFileReference; lastKnownFileType = sourcecode.swift; path = TableRecipesIC.swift; sourceTree = "<group>"; };
		3F3963D427E1BB0F009CA0F0 /* ExtensionDelegate.swift */ = {isa = PBXFileReference; lastKnownFileType = sourcecode.swift; path = ExtensionDelegate.swift; sourceTree = "<group>"; };
		3F3963D627E1BB0F009CA0F0 /* ComplicationController.swift */ = {isa = PBXFileReference; lastKnownFileType = sourcecode.swift; path = ComplicationController.swift; sourceTree = "<group>"; };
		3F3963D827E1BB10009CA0F0 /* Assets.xcassets */ = {isa = PBXFileReference; lastKnownFileType = folder.assetcatalog; path = Assets.xcassets; sourceTree = "<group>"; };
		3F3963DA27E1BB10009CA0F0 /* Info.plist */ = {isa = PBXFileReference; lastKnownFileType = text.plist.xml; path = Info.plist; sourceTree = "<group>"; };
		3F3963E827E1D4E0009CA0F0 /* RowTable.swift */ = {isa = PBXFileReference; lastKnownFileType = sourcecode.swift; path = RowTable.swift; sourceTree = "<group>"; };
		3F3963E927E1D633009CA0F0 /* Recipes.swift */ = {isa = PBXFileReference; lastKnownFileType = sourcecode.swift; path = Recipes.swift; sourceTree = "<group>"; };
		3F97DA1127EB5E25009F032D /* DetailRecipeIC.swift */ = {isa = PBXFileReference; lastKnownFileType = sourcecode.swift; path = DetailRecipeIC.swift; sourceTree = "<group>"; };
/* End PBXFileReference section */

/* Begin PBXFrameworksBuildPhase section */
		3F3963CA27E1BB0F009CA0F0 /* Frameworks */ = {
			isa = PBXFrameworksBuildPhase;
			buildActionMask = 2147483647;
			files = (
			);
			runOnlyForDeploymentPostprocessing = 0;
		};
/* End PBXFrameworksBuildPhase section */

/* Begin PBXGroup section */
		3F3963B427E1BB0D009CA0F0 = {
			isa = PBXGroup;
			children = (
				3F3963C327E1BB0D009CA0F0 /* CookBook WatchKit App */,
				3F3963D127E1BB0F009CA0F0 /* CookBook WatchKit Extension */,
				3F3963BC27E1BB0D009CA0F0 /* Products */,
			);
			sourceTree = "<group>";
		};
		3F3963BC27E1BB0D009CA0F0 /* Products */ = {
			isa = PBXGroup;
			children = (
				3F3963BB27E1BB0D009CA0F0 /* CookBook.app */,
				3F3963BF27E1BB0D009CA0F0 /* CookBook WatchKit App.app */,
				3F3963CD27E1BB0F009CA0F0 /* CookBook WatchKit Extension.appex */,
			);
			name = Products;
			sourceTree = "<group>";
		};
		3F3963C327E1BB0D009CA0F0 /* CookBook WatchKit App */ = {
			isa = PBXGroup;
			children = (
				3F3963C427E1BB0D009CA0F0 /* Interface.storyboard */,
				3F019E0D27F44B53008B3076 /* RecipeDescriptionIC.swift */,
				3F97DA1127EB5E25009F032D /* DetailRecipeIC.swift */,
				3F3963E927E1D633009CA0F0 /* Recipes.swift */,
				3F3963E827E1D4E0009CA0F0 /* RowTable.swift */,
				3F3963C727E1BB0E009CA0F0 /* Assets.xcassets */,
			);
			path = "CookBook WatchKit App";
			sourceTree = "<group>";
		};
		3F3963D127E1BB0F009CA0F0 /* CookBook WatchKit Extension */ = {
			isa = PBXGroup;
			children = (
				3F3963D227E1BB0F009CA0F0 /* TableRecipesIC.swift */,
				3F3963D427E1BB0F009CA0F0 /* ExtensionDelegate.swift */,
				3F3963D627E1BB0F009CA0F0 /* ComplicationController.swift */,
				3F3963D827E1BB10009CA0F0 /* Assets.xcassets */,
				3F3963DA27E1BB10009CA0F0 /* Info.plist */,
			);
			path = "CookBook WatchKit Extension";
			sourceTree = "<group>";
		};
/* End PBXGroup section */

/* Begin PBXNativeTarget section */
		3F3963BA27E1BB0D009CA0F0 /* CookBook */ = {
			isa = PBXNativeTarget;
			buildConfigurationList = 3F3963E527E1BB10009CA0F0 /* Build configuration list for PBXNativeTarget "CookBook" */;
			buildPhases = (
				3F3963B927E1BB0D009CA0F0 /* Resources */,
				3F3963E427E1BB10009CA0F0 /* Embed Watch Content */,
			);
			buildRules = (
			);
			dependencies = (
				3F3963C227E1BB0D009CA0F0 /* PBXTargetDependency */,
			);
			name = CookBook;
			productName = CookBook;
			productReference = 3F3963BB27E1BB0D009CA0F0 /* CookBook.app */;
			productType = "com.apple.product-type.application.watchapp2-container";
		};
		3F3963BE27E1BB0D009CA0F0 /* CookBook WatchKit App */ = {
			isa = PBXNativeTarget;
			buildConfigurationList = 3F3963E127E1BB10009CA0F0 /* Build configuration list for PBXNativeTarget "CookBook WatchKit App" */;
			buildPhases = (
				3F3963BD27E1BB0D009CA0F0 /* Resources */,
				3F3963E027E1BB10009CA0F0 /* Embed App Extensions */,
			);
			buildRules = (
			);
			dependencies = (
				3F3963D027E1BB0F009CA0F0 /* PBXTargetDependency */,
			);
			name = "CookBook WatchKit App";
			productName = "CookBook WatchKit App";
			productReference = 3F3963BF27E1BB0D009CA0F0 /* CookBook WatchKit App.app */;
			productType = "com.apple.product-type.application.watchapp2";
		};
		3F3963CC27E1BB0F009CA0F0 /* CookBook WatchKit Extension */ = {
			isa = PBXNativeTarget;
			buildConfigurationList = 3F3963DD27E1BB10009CA0F0 /* Build configuration list for PBXNativeTarget "CookBook WatchKit Extension" */;
			buildPhases = (
				3F3963C927E1BB0F009CA0F0 /* Sources */,
				3F3963CA27E1BB0F009CA0F0 /* Frameworks */,
				3F3963CB27E1BB0F009CA0F0 /* Resources */,
			);
			buildRules = (
			);
			dependencies = (
			);
			name = "CookBook WatchKit Extension";
			productName = "CookBook WatchKit Extension";
			productReference = 3F3963CD27E1BB0F009CA0F0 /* CookBook WatchKit Extension.appex */;
			productType = "com.apple.product-type.watchkit2-extension";
		};
/* End PBXNativeTarget section */

/* Begin PBXProject section */
		3F3963B527E1BB0D009CA0F0 /* Project object */ = {
			isa = PBXProject;
			attributes = {
				BuildIndependentTargetsInParallel = 1;
				LastSwiftUpdateCheck = 1310;
				LastUpgradeCheck = 1310;
				TargetAttributes = {
					3F3963BA27E1BB0D009CA0F0 = {
						CreatedOnToolsVersion = 13.1;
					};
					3F3963BE27E1BB0D009CA0F0 = {
						CreatedOnToolsVersion = 13.1;
					};
					3F3963CC27E1BB0F009CA0F0 = {
						CreatedOnToolsVersion = 13.1;
					};
				};
			};
			buildConfigurationList = 3F3963B827E1BB0D009CA0F0 /* Build configuration list for PBXProject "CookBook" */;
			compatibilityVersion = "Xcode 13.0";
			developmentRegion = en;
			hasScannedForEncodings = 0;
			knownRegions = (
				en,
				Base,
			);
			mainGroup = 3F3963B427E1BB0D009CA0F0;
			productRefGroup = 3F3963BC27E1BB0D009CA0F0 /* Products */;
			projectDirPath = "";
			projectRoot = "";
			targets = (
				3F3963BA27E1BB0D009CA0F0 /* CookBook */,
				3F3963BE27E1BB0D009CA0F0 /* CookBook WatchKit App */,
				3F3963CC27E1BB0F009CA0F0 /* CookBook WatchKit Extension */,
			);
		};
/* End PBXProject section */

/* Begin PBXResourcesBuildPhase section */
		3F3963B927E1BB0D009CA0F0 /* Resources */ = {
			isa = PBXResourcesBuildPhase;
			buildActionMask = 2147483647;
			files = (
			);
			runOnlyForDeploymentPostprocessing = 0;
		};
		3F3963BD27E1BB0D009CA0F0 /* Resources */ = {
			isa = PBXResourcesBuildPhase;
			buildActionMask = 2147483647;
			files = (
				3F3963C827E1BB0E009CA0F0 /* Assets.xcassets in Resources */,
				3F3963C627E1BB0D009CA0F0 /* Interface.storyboard in Resources */,
			);
			runOnlyForDeploymentPostprocessing = 0;
		};
		3F3963CB27E1BB0F009CA0F0 /* Resources */ = {
			isa = PBXResourcesBuildPhase;
			buildActionMask = 2147483647;
			files = (
				3F3963D927E1BB10009CA0F0 /* Assets.xcassets in Resources */,
			);
			runOnlyForDeploymentPostprocessing = 0;
		};
/* End PBXResourcesBuildPhase section */

/* Begin PBXSourcesBuildPhase section */
		3F3963C927E1BB0F009CA0F0 /* Sources */ = {
			isa = PBXSourcesBuildPhase;
			buildActionMask = 2147483647;
			files = (
				3F97DA1227EB5E25009F032D /* DetailRecipeIC.swift in Sources */,
				3F3963D527E1BB0F009CA0F0 /* ExtensionDelegate.swift in Sources */,
				3F019E0E27F44B53008B3076 /* RecipeDescriptionIC.swift in Sources */,
				3F3963D327E1BB0F009CA0F0 /* TableRecipesIC.swift in Sources */,
				3F3963D727E1BB0F009CA0F0 /* ComplicationController.swift in Sources */,
				3F3963EA27E1DB03009CA0F0 /* Recipes.swift in Sources */,
				3F3963EB27E1DEAC009CA0F0 /* RowTable.swift in Sources */,
			);
			runOnlyForDeploymentPostprocessing = 0;
		};
/* End PBXSourcesBuildPhase section */

/* Begin PBXTargetDependency section */
		3F3963C227E1BB0D009CA0F0 /* PBXTargetDependency */ = {
			isa = PBXTargetDependency;
			target = 3F3963BE27E1BB0D009CA0F0 /* CookBook WatchKit App */;
			targetProxy = 3F3963C127E1BB0D009CA0F0 /* PBXContainerItemProxy */;
		};
		3F3963D027E1BB0F009CA0F0 /* PBXTargetDependency */ = {
			isa = PBXTargetDependency;
			target = 3F3963CC27E1BB0F009CA0F0 /* CookBook WatchKit Extension */;
			targetProxy = 3F3963CF27E1BB0F009CA0F0 /* PBXContainerItemProxy */;
		};
/* End PBXTargetDependency section */

/* Begin PBXVariantGroup section */
		3F3963C427E1BB0D009CA0F0 /* Interface.storyboard */ = {
			isa = PBXVariantGroup;
			children = (
				3F3963C527E1BB0D009CA0F0 /* Base */,
			);
			name = Interface.storyboard;
			sourceTree = "<group>";
		};
/* End PBXVariantGroup section */

/* Begin XCBuildConfiguration section */
		3F3963DB27E1BB10009CA0F0 /* Debug */ = {
			isa = XCBuildConfiguration;
			buildSettings = {
				ALWAYS_SEARCH_USER_PATHS = NO;
				CLANG_ANALYZER_NONNULL = YES;
				CLANG_ANALYZER_NUMBER_OBJECT_CONVERSION = YES_AGGRESSIVE;
				CLANG_CXX_LANGUAGE_STANDARD = "gnu++17";
				CLANG_CXX_LIBRARY = "libc++";
				CLANG_ENABLE_MODULES = YES;
				CLANG_ENABLE_OBJC_ARC = YES;
				CLANG_ENABLE_OBJC_WEAK = YES;
				CLANG_WARN_BLOCK_CAPTURE_AUTORELEASING = YES;
				CLANG_WARN_BOOL_CONVERSION = YES;
				CLANG_WARN_COMMA = YES;
				CLANG_WARN_CONSTANT_CONVERSION = YES;
				CLANG_WARN_DEPRECATED_OBJC_IMPLEMENTATIONS = YES;
				CLANG_WARN_DIRECT_OBJC_ISA_USAGE = YES_ERROR;
				CLANG_WARN_DOCUMENTATION_COMMENTS = YES;
				CLANG_WARN_EMPTY_BODY = YES;
				CLANG_WARN_ENUM_CONVERSION = YES;
				CLANG_WARN_INFINITE_RECURSION = YES;
				CLANG_WARN_INT_CONVERSION = YES;
				CLANG_WARN_NON_LITERAL_NULL_CONVERSION = YES;
				CLANG_WARN_OBJC_IMPLICIT_RETAIN_SELF = YES;
				CLANG_WARN_OBJC_LITERAL_CONVERSION = YES;
				CLANG_WARN_OBJC_ROOT_CLASS = YES_ERROR;
				CLANG_WARN_QUOTED_INCLUDE_IN_FRAMEWORK_HEADER = YES;
				CLANG_WARN_RANGE_LOOP_ANALYSIS = YES;
				CLANG_WARN_STRICT_PROTOTYPES = YES;
				CLANG_WARN_SUSPICIOUS_MOVE = YES;
				CLANG_WARN_UNGUARDED_AVAILABILITY = YES_AGGRESSIVE;
				CLANG_WARN_UNREACHABLE_CODE = YES;
				CLANG_WARN__DUPLICATE_METHOD_MATCH = YES;
				COPY_PHASE_STRIP = NO;
				DEBUG_INFORMATION_FORMAT = dwarf;
				ENABLE_STRICT_OBJC_MSGSEND = YES;
				ENABLE_TESTABILITY = YES;
				GCC_C_LANGUAGE_STANDARD = gnu11;
				GCC_DYNAMIC_NO_PIC = NO;
				GCC_NO_COMMON_BLOCKS = YES;
				GCC_OPTIMIZATION_LEVEL = 0;
				GCC_PREPROCESSOR_DEFINITIONS = (
					"DEBUG=1",
					"$(inherited)",
				);
				GCC_WARN_64_TO_32_BIT_CONVERSION = YES;
				GCC_WARN_ABOUT_RETURN_TYPE = YES_ERROR;
				GCC_WARN_UNDECLARED_SELECTOR = YES;
				GCC_WARN_UNINITIALIZED_AUTOS = YES_AGGRESSIVE;
				GCC_WARN_UNUSED_FUNCTION = YES;
				GCC_WARN_UNUSED_VARIABLE = YES;
				MTL_ENABLE_DEBUG_INFO = INCLUDE_SOURCE;
				MTL_FAST_MATH = YES;
				ONLY_ACTIVE_ARCH = YES;
				SDKROOT = iphoneos;
				SWIFT_ACTIVE_COMPILATION_CONDITIONS = DEBUG;
				SWIFT_OPTIMIZATION_LEVEL = "-Onone";
			};
			name = Debug;
		};
		3F3963DC27E1BB10009CA0F0 /* Release */ = {
			isa = XCBuildConfiguration;
			buildSettings = {
				ALWAYS_SEARCH_USER_PATHS = NO;
				CLANG_ANALYZER_NONNULL = YES;
				CLANG_ANALYZER_NUMBER_OBJECT_CONVERSION = YES_AGGRESSIVE;
				CLANG_CXX_LANGUAGE_STANDARD = "gnu++17";
				CLANG_CXX_LIBRARY = "libc++";
				CLANG_ENABLE_MODULES = YES;
				CLANG_ENABLE_OBJC_ARC = YES;
				CLANG_ENABLE_OBJC_WEAK = YES;
				CLANG_WARN_BLOCK_CAPTURE_AUTORELEASING = YES;
				CLANG_WARN_BOOL_CONVERSION = YES;
				CLANG_WARN_COMMA = YES;
				CLANG_WARN_CONSTANT_CONVERSION = YES;
				CLANG_WARN_DEPRECATED_OBJC_IMPLEMENTATIONS = YES;
				CLANG_WARN_DIRECT_OBJC_ISA_USAGE = YES_ERROR;
				CLANG_WARN_DOCUMENTATION_COMMENTS = YES;
				CLANG_WARN_EMPTY_BODY = YES;
				CLANG_WARN_ENUM_CONVERSION = YES;
				CLANG_WARN_INFINITE_RECURSION = YES;
				CLANG_WARN_INT_CONVERSION = YES;
				CLANG_WARN_NON_LITERAL_NULL_CONVERSION = YES;
				CLANG_WARN_OBJC_IMPLICIT_RETAIN_SELF = YES;
				CLANG_WARN_OBJC_LITERAL_CONVERSION = YES;
				CLANG_WARN_OBJC_ROOT_CLASS = YES_ERROR;
				CLANG_WARN_QUOTED_INCLUDE_IN_FRAMEWORK_HEADER = YES;
				CLANG_WARN_RANGE_LOOP_ANALYSIS = YES;
				CLANG_WARN_STRICT_PROTOTYPES = YES;
				CLANG_WARN_SUSPICIOUS_MOVE = YES;
				CLANG_WARN_UNGUARDED_AVAILABILITY = YES_AGGRESSIVE;
				CLANG_WARN_UNREACHABLE_CODE = YES;
				CLANG_WARN__DUPLICATE_METHOD_MATCH = YES;
				COPY_PHASE_STRIP = NO;
				DEBUG_INFORMATION_FORMAT = "dwarf-with-dsym";
				ENABLE_NS_ASSERTIONS = NO;
				ENABLE_STRICT_OBJC_MSGSEND = YES;
				GCC_C_LANGUAGE_STANDARD = gnu11;
				GCC_NO_COMMON_BLOCKS = YES;
				GCC_WARN_64_TO_32_BIT_CONVERSION = YES;
				GCC_WARN_ABOUT_RETURN_TYPE = YES_ERROR;
				GCC_WARN_UNDECLARED_SELECTOR = YES;
				GCC_WARN_UNINITIALIZED_AUTOS = YES_AGGRESSIVE;
				GCC_WARN_UNUSED_FUNCTION = YES;
				GCC_WARN_UNUSED_VARIABLE = YES;
				MTL_ENABLE_DEBUG_INFO = NO;
				MTL_FAST_MATH = YES;
				SDKROOT = iphoneos;
				SWIFT_COMPILATION_MODE = wholemodule;
				SWIFT_OPTIMIZATION_LEVEL = "-O";
				VALIDATE_PRODUCT = YES;
			};
			name = Release;
		};
		3F3963DE27E1BB10009CA0F0 /* Debug */ = {
			isa = XCBuildConfiguration;
			buildSettings = {
				ASSETCATALOG_COMPILER_COMPLICATION_NAME = Complication;
				CODE_SIGN_STYLE = Automatic;
				CURRENT_PROJECT_VERSION = 1;
				GENERATE_INFOPLIST_FILE = YES;
				INFOPLIST_FILE = "CookBook WatchKit Extension/Info.plist";
				INFOPLIST_KEY_CFBundleDisplayName = "CookBook WatchKit Extension";
				INFOPLIST_KEY_CLKComplicationPrincipalClass = "$(PRODUCT_MODULE_NAME).ComplicationController";
				INFOPLIST_KEY_NSHumanReadableCopyright = "";
				INFOPLIST_KEY_WKExtensionDelegateClassName = "$(PRODUCT_MODULE_NAME).ExtensionDelegate";
				INFOPLIST_KEY_WKWatchOnly = YES;
				LD_RUNPATH_SEARCH_PATHS = (
					"$(inherited)",
					"@executable_path/Frameworks",
					"@executable_path/../../Frameworks",
				);
				MARKETING_VERSION = 1.0;
				PRODUCT_BUNDLE_IDENTIFIER = OOOO.CookBook.watchkitapp.watchkitextension;
				PRODUCT_NAME = "${TARGET_NAME}";
				SDKROOT = watchos;
				SKIP_INSTALL = YES;
				SWIFT_EMIT_LOC_STRINGS = YES;
				SWIFT_VERSION = 5.0;
				TARGETED_DEVICE_FAMILY = 4;
				WATCHOS_DEPLOYMENT_TARGET = 8.0;
			};
			name = Debug;
		};
		3F3963DF27E1BB10009CA0F0 /* Release */ = {
			isa = XCBuildConfiguration;
			buildSettings = {
				ASSETCATALOG_COMPILER_COMPLICATION_NAME = Complication;
				CODE_SIGN_STYLE = Automatic;
				CURRENT_PROJECT_VERSION = 1;
				GENERATE_INFOPLIST_FILE = YES;
				INFOPLIST_FILE = "CookBook WatchKit Extension/Info.plist";
				INFOPLIST_KEY_CFBundleDisplayName = "CookBook WatchKit Extension";
				INFOPLIST_KEY_CLKComplicationPrincipalClass = "$(PRODUCT_MODULE_NAME).ComplicationController";
				INFOPLIST_KEY_NSHumanReadableCopyright = "";
				INFOPLIST_KEY_WKExtensionDelegateClassName = "$(PRODUCT_MODULE_NAME).ExtensionDelegate";
				INFOPLIST_KEY_WKWatchOnly = YES;
				LD_RUNPATH_SEARCH_PATHS = (
					"$(inherited)",
					"@executable_path/Frameworks",
					"@executable_path/../../Frameworks",
				);
				MARKETING_VERSION = 1.0;
				PRODUCT_BUNDLE_IDENTIFIER = OOOO.CookBook.watchkitapp.watchkitextension;
				PRODUCT_NAME = "${TARGET_NAME}";
				SDKROOT = watchos;
				SKIP_INSTALL = YES;
				SWIFT_EMIT_LOC_STRINGS = YES;
				SWIFT_VERSION = 5.0;
				TARGETED_DEVICE_FAMILY = 4;
				WATCHOS_DEPLOYMENT_TARGET = 8.0;
			};
			name = Release;
		};
		3F3963E227E1BB10009CA0F0 /* Debug */ = {
			isa = XCBuildConfiguration;
			buildSettings = {
				ALWAYS_EMBED_SWIFT_STANDARD_LIBRARIES = YES;
				ASSETCATALOG_COMPILER_APPICON_NAME = AppIcon;
				ASSETCATALOG_COMPILER_GLOBAL_ACCENT_COLOR_NAME = AccentColor;
				CODE_SIGN_STYLE = Automatic;
				CURRENT_PROJECT_VERSION = 1;
				GENERATE_INFOPLIST_FILE = YES;
				IBSC_MODULE = CookBook_WatchKit_Extension;
				INFOPLIST_KEY_CFBundleDisplayName = "CookBook WatchKit App";
				INFOPLIST_KEY_UISupportedInterfaceOrientations = "UIInterfaceOrientationPortrait UIInterfaceOrientationPortraitUpsideDown";
				MARKETING_VERSION = 1.0;
				PRODUCT_BUNDLE_IDENTIFIER = OOOO.CookBook.watchkitapp;
				PRODUCT_NAME = "$(TARGET_NAME)";
				SDKROOT = watchos;
				SKIP_INSTALL = YES;
				SWIFT_EMIT_LOC_STRINGS = YES;
				SWIFT_VERSION = 5.0;
				TARGETED_DEVICE_FAMILY = 4;
				WATCHOS_DEPLOYMENT_TARGET = 8.0;
			};
			name = Debug;
		};
		3F3963E327E1BB10009CA0F0 /* Release */ = {
			isa = XCBuildConfiguration;
			buildSettings = {
				ALWAYS_EMBED_SWIFT_STANDARD_LIBRARIES = YES;
				ASSETCATALOG_COMPILER_APPICON_NAME = AppIcon;
				ASSETCATALOG_COMPILER_GLOBAL_ACCENT_COLOR_NAME = AccentColor;
				CODE_SIGN_STYLE = Automatic;
				CURRENT_PROJECT_VERSION = 1;
				GENERATE_INFOPLIST_FILE = YES;
				IBSC_MODULE = CookBook_WatchKit_Extension;
				INFOPLIST_KEY_CFBundleDisplayName = "CookBook WatchKit App";
				INFOPLIST_KEY_UISupportedInterfaceOrientations = "UIInterfaceOrientationPortrait UIInterfaceOrientationPortraitUpsideDown";
				MARKETING_VERSION = 1.0;
				PRODUCT_BUNDLE_IDENTIFIER = OOOO.CookBook.watchkitapp;
				PRODUCT_NAME = "$(TARGET_NAME)";
				SDKROOT = watchos;
				SKIP_INSTALL = YES;
				SWIFT_EMIT_LOC_STRINGS = YES;
				SWIFT_VERSION = 5.0;
				TARGETED_DEVICE_FAMILY = 4;
				WATCHOS_DEPLOYMENT_TARGET = 8.0;
			};
			name = Release;
		};
		3F3963E627E1BB10009CA0F0 /* Debug */ = {
			isa = XCBuildConfiguration;
			buildSettings = {
				CODE_SIGN_STYLE = Automatic;
				CURRENT_PROJECT_VERSION = 1;
				MARKETING_VERSION = 1.0;
				PRODUCT_BUNDLE_IDENTIFIER = OOOO.CookBook;
				PRODUCT_NAME = "$(TARGET_NAME)";
				SWIFT_VERSION = 5.0;
			};
			name = Debug;
		};
		3F3963E727E1BB10009CA0F0 /* Release */ = {
			isa = XCBuildConfiguration;
			buildSettings = {
				CODE_SIGN_STYLE = Automatic;
				CURRENT_PROJECT_VERSION = 1;
				MARKETING_VERSION = 1.0;
				PRODUCT_BUNDLE_IDENTIFIER = OOOO.CookBook;
				PRODUCT_NAME = "$(TARGET_NAME)";
				SWIFT_VERSION = 5.0;
			};
			name = Release;
		};
/* End XCBuildConfiguration section */

/* Begin XCConfigurationList section */
		3F3963B827E1BB0D009CA0F0 /* Build configuration list for PBXProject "CookBook" */ = {
			isa = XCConfigurationList;
			buildConfigurations = (
				3F3963DB27E1BB10009CA0F0 /* Debug */,
				3F3963DC27E1BB10009CA0F0 /* Release */,
			);
			defaultConfigurationIsVisible = 0;
			defaultConfigurationName = Release;
		};
		3F3963DD27E1BB10009CA0F0 /* Build configuration list for PBXNativeTarget "CookBook WatchKit Extension" */ = {
			isa = XCConfigurationList;
			buildConfigurations = (
				3F3963DE27E1BB10009CA0F0 /* Debug */,
				3F3963DF27E1BB10009CA0F0 /* Release */,
			);
			defaultConfigurationIsVisible = 0;
			defaultConfigurationName = Release;
		};
		3F3963E127E1BB10009CA0F0 /* Build configuration list for PBXNativeTarget "CookBook WatchKit App" */ = {
			isa = XCConfigurationList;
			buildConfigurations = (
				3F3963E227E1BB10009CA0F0 /* Debug */,
				3F3963E327E1BB10009CA0F0 /* Release */,
			);
			defaultConfigurationIsVisible = 0;
			defaultConfigurationName = Release;
		};
		3F3963E527E1BB10009CA0F0 /* Build configuration list for PBXNativeTarget "CookBook" */ = {
			isa = XCConfigurationList;
			buildConfigurations = (
				3F3963E627E1BB10009CA0F0 /* Debug */,
				3F3963E727E1BB10009CA0F0 /* Release */,
			);
			defaultConfigurationIsVisible = 0;
			defaultConfigurationName = Release;
		};
/* End XCConfigurationList section */
	};
	rootObject = 3F3963B527E1BB0D009CA0F0 /* Project object */;
}
